
Microsoft Visual Studio Solution File, Format Version 12.00
# Visual Studio 15
VisualStudioVersion = 15.0.27703.2042
MinimumVisualStudioVersion = 10.0.40219.1
Project("{FAE04EC0-301F-11D3-BF4B-00C04F79EFBC}") = "Test.Web", "Test.Web\Test.Web.csproj", "{B085A249-08C3-40B2-9722-840203CFC67B}"
EndProject
Project("{FAE04EC0-301F-11D3-BF4B-00C04F79EFBC}") = "Test.Core", "Test.Core\Test.Core.csproj", "{C8DB3629-4EAD-43A9-9A64-C7E3754BF365}"
EndProject
Project("{FAE04EC0-301F-11D3-BF4B-00C04F79EFBC}") = "Test.Sql", "Test.Sql\Test.Sql.csproj", "{73A38427-3E2B-44FB-B1B5-CDE5B1B53F90}"
EndProject
Project("{FAE04EC0-301F-11D3-BF4B-00C04F79EFBC}") = "Test.Interfaces", "Test.Interfaces\Test.Interfaces.csproj", "{E2549CFB-E476-486E-BA3A-0878790159D7}"
EndProject
Project("{FAE04EC0-301F-11D3-BF4B-00C04F79EFBC}") = "Test.Services", "Test.Services\Test.Services.csproj", "{C01A8A47-5606-4145-AB73-9BED717D7FE0}"
EndProject
Global
	GlobalSection(SolutionConfigurationPlatforms) = preSolution
		Debug|Any CPU = Debug|Any CPU
		Release|Any CPU = Release|Any CPU
	EndGlobalSection
	GlobalSection(ProjectConfigurationPlatforms) = postSolution
		{B085A249-08C3-40B2-9722-840203CFC67B}.Debug|Any CPU.ActiveCfg = Debug|Any CPU
		{B085A249-08C3-40B2-9722-840203CFC67B}.Debug|Any CPU.Build.0 = Debug|Any CPU
		{B085A249-08C3-40B2-9722-840203CFC67B}.Release|Any CPU.ActiveCfg = Release|Any CPU
		{B085A249-08C3-40B2-9722-840203CFC67B}.Release|Any CPU.Build.0 = Release|Any CPU
		{C8DB3629-4EAD-43A9-9A64-C7E3754BF365}.Debug|Any CPU.ActiveCfg = Debug|Any CPU
		{C8DB3629-4EAD-43A9-9A64-C7E3754BF365}.Debug|Any CPU.Build.0 = Debug|Any CPU
		{C8DB3629-4EAD-43A9-9A64-C7E3754BF365}.Release|Any CPU.ActiveCfg = Release|Any CPU
		{C8DB3629-4EAD-43A9-9A64-C7E3754BF365}.Release|Any CPU.Build.0 = Release|Any CPU
		{73A38427-3E2B-44FB-B1B5-CDE5B1B53F90}.Debug|Any CPU.ActiveCfg = Debug|Any CPU
		{73A38427-3E2B-44FB-B1B5-CDE5B1B53F90}.Debug|Any CPU.Build.0 = Debug|Any CPU
		{73A38427-3E2B-44FB-B1B5-CDE5B1B53F90}.Release|Any CPU.ActiveCfg = Release|Any CPU
		{73A38427-3E2B-44FB-B1B5-CDE5B1B53F90}.Release|Any CPU.Build.0 = Release|Any CPU
		{E2549CFB-E476-486E-BA3A-0878790159D7}.Debug|Any CPU.ActiveCfg = Debug|Any CPU
		{E2549CFB-E476-486E-BA3A-0878790159D7}.Debug|Any CPU.Build.0 = Debug|Any CPU
		{E2549CFB-E476-486E-BA3A-0878790159D7}.Release|Any CPU.ActiveCfg = Release|Any CPU
		{E2549CFB-E476-486E-BA3A-0878790159D7}.Release|Any CPU.Build.0 = Release|Any CPU
		{C01A8A47-5606-4145-AB73-9BED717D7FE0}.Debug|Any CPU.ActiveCfg = Debug|Any CPU
		{C01A8A47-5606-4145-AB73-9BED717D7FE0}.Debug|Any CPU.Build.0 = Debug|Any CPU
		{C01A8A47-5606-4145-AB73-9BED717D7FE0}.Release|Any CPU.ActiveCfg = Release|Any CPU
		{C01A8A47-5606-4145-AB73-9BED717D7FE0}.Release|Any CPU.Build.0 = Release|Any CPU
	EndGlobalSection
	GlobalSection(SolutionProperties) = preSolution
		HideSolutionNode = FALSE
	EndGlobalSection
	GlobalSection(ExtensibilityGlobals) = postSolution
		SolutionGuid = {0BB24AF8-E27D-4D14-B7AE-7C36D3D6186C}
	EndGlobalSection
EndGlobal
